# This file is autogenerated, do not edit; changes may be undone by the next 'dep ensure'.


[[projects]]
  digest = "1:92d68f6e77198b5da8d32e13283d75d2ba4fe01f369bc63cdf48c77cc138bfaf"
  name = "github.com/thoas/go-funk"
  packages = ["."]
  pruneopts = "UT"
  revision = "e2f8da694c9c4fa123eea42cb0d6d47e08f11ff6"
  version = "0.3"

[solve-meta]
  analyzer-name = "dep"
  analyzer-version = 1
  input-imports = ["github.com/thoas/go-funk"]
  solver-name = "gps-cdcl"
  solver-version = 1
